{
  "requires": true,
  "lockfileVersion": 1,
  "dependencies": {
    "@nestjs/mapped-types": {
      "version": "0.1.0",
      "resolved": "https://registry.npm.taobao.org/@nestjs/mapped-types/download/@nestjs/mapped-types-0.1.0.tgz",
      "integrity": "sha1-JIQ1tK9DBb9tEhTSKMhJJr5WElo="
    },
    "@nestjs/swagger": {
      "version": "4.6.1",
      "resolved": "https://registry.npm.taobao.org/@nestjs/swagger/download/@nestjs/swagger-4.6.1.tgz",
      "integrity": "sha1-2rfQntJXmwW0LRpyTeYAh0XR02w=",
      "requires": {
        "@nestjs/mapped-types": "0.1.0",
        "lodash": "4.17.20",
        "path-to-regexp": "3.2.0"
      }
    },
    "lodash": {
      "version": "4.17.20",
      "resolved": "https://registry.npm.taobao.org/lodash/download/lodash-4.17.20.tgz?cache=0&sync_timestamp=1597336125847&other_urls=https%3A%2F%2Fregistry.npm.taobao.org%2Flodash%2Fdownload%2Flodash-4.17.20.tgz",
      "integrity": "sha1-tEqbYpe8tpjxxRo1RaKzs2jVnFI="
    },
    "path-to-regexp": {
      "version": "3.2.0",
      "resolved": "https://registry.npm.taobao.org/path-to-regexp/download/path-to-regexp-3.2.0.tgz?cache=0&sync_timestamp=1601400491887&other_urls=https%3A%2F%2Fregistry.npm.taobao.org%2Fpath-to-regexp%2Fdownload%2Fpath-to-regexp-3.2.0.tgz",
      "integrity": "sha1-+nh37LxJXGAZB1YiIkU8Q8wgSl8="
    },
    "swagger-ui-dist": {
      "version": "3.36.0",
      "resolved": "https://registry.npm.taobao.org/swagger-ui-dist/download/swagger-ui-dist-3.36.0.tgz",
      "integrity": "sha1-qX0pu5FLyUXsWxOHyTJPDjcJ+go="
    },
    "swagger-ui-express": {
      "version": "4.1.4",
      "resolved": "https://registry.npm.taobao.org/swagger-ui-express/download/swagger-ui-express-4.1.4.tgz",
      "integrity": "sha1-i4FK2Zi4UKHPkOcYCNbQqKja90I=",
      "requires": {
        "swagger-ui-dist": "^3.18.1"
      }
    }
  }
}
